// !$*UTF8*$!
{
	archiveVersion = 1;
	classes = {
	};
	objectVersion = 55;
	objects = {

/* Begin PBXBuildFile section */
		8E7DA0DC27E5D68D0051D8CF /* main.swift in Sources */ = {isa = PBXBuildFile; fileRef = 8E7DA0DB27E5D68D0051D8CF /* main.swift */; };
		8E7DA10327E7161E0051D8CF /* Guard.swift in Sources */ = {isa = PBXBuildFile; fileRef = 8E7DA10227E7161E0051D8CF /* Guard.swift */; };
		8E7DA10527E716460051D8CF /* Guarded.swift in Sources */ = {isa = PBXBuildFile; fileRef = 8E7DA10427E716460051D8CF /* Guarded.swift */; };
		8E7DA10727E71FC50051D8CF /* Guard+Collection.swift in Sources */ = {isa = PBXBuildFile; fileRef = 8E7DA10627E71FC50051D8CF /* Guard+Collection.swift */; };
		8E7DA10927E722CF0051D8CF /* Guard+Sequence.swift in Sources */ = {isa = PBXBuildFile; fileRef = 8E7DA10827E722CF0051D8CF /* Guard+Sequence.swift */; };
		8E7DA10B27E725520051D8CF /* Guard+LogicOperators.swift in Sources */ = {isa = PBXBuildFile; fileRef = 8E7DA10A27E725520051D8CF /* Guard+LogicOperators.swift */; };
		8E7DA10D27E7262A0051D8CF /* Guard+Comparable.swift in Sources */ = {isa = PBXBuildFile; fileRef = 8E7DA10C27E7262A0051D8CF /* Guard+Comparable.swift */; };
		8E7DA10F27E72BF60051D8CF /* Guard+Operators.swift in Sources */ = {isa = PBXBuildFile; fileRef = 8E7DA10E27E72BF60051D8CF /* Guard+Operators.swift */; };
		8E7DA11127E72CBD0051D8CF /* Guard+Equatable.swift in Sources */ = {isa = PBXBuildFile; fileRef = 8E7DA11027E72CBD0051D8CF /* Guard+Equatable.swift */; };
		8E7DA11327E72E840051D8CF /* Guard+String.swift in Sources */ = {isa = PBXBuildFile; fileRef = 8E7DA11227E72E840051D8CF /* Guard+String.swift */; };
		8E7DA11527E730E50051D8CF /* Guard+KeyPath.swift in Sources */ = {isa = PBXBuildFile; fileRef = 8E7DA11427E730E50051D8CF /* Guard+KeyPath.swift */; };
		8E7DA11827E741060051D8CF /* Optional+Optionalable.swift in Sources */ = {isa = PBXBuildFile; fileRef = 8E7DA11627E741050051D8CF /* Optional+Optionalable.swift */; };
		8E7DA11927E741060051D8CF /* Optionalable.swift in Sources */ = {isa = PBXBuildFile; fileRef = 8E7DA11727E741060051D8CF /* Optionalable.swift */; };
/* End PBXBuildFile section */

/* Begin PBXCopyFilesBuildPhase section */
		8E7DA0D627E5D68D0051D8CF /* CopyFiles */ = {
			isa = PBXCopyFilesBuildPhase;
			buildActionMask = 2147483647;
			dstPath = /usr/share/man/man1/;
			dstSubfolderSpec = 0;
			files = (
			);
			runOnlyForDeploymentPostprocessing = 1;
		};
/* End PBXCopyFilesBuildPhase section */

/* Begin PBXFileReference section */
		8E7DA0D827E5D68D0051D8CF /* Monitor */ = {isa = PBXFileReference; explicitFileType = "compiled.mach-o.executable"; includeInIndex = 0; path = Monitor; sourceTree = BUILT_PRODUCTS_DIR; };
		8E7DA0DB27E5D68D0051D8CF /* main.swift */ = {isa = PBXFileReference; lastKnownFileType = sourcecode.swift; path = main.swift; sourceTree = "<group>"; };
		8E7DA10227E7161E0051D8CF /* Guard.swift */ = {isa = PBXFileReference; lastKnownFileType = sourcecode.swift; path = Guard.swift; sourceTree = "<group>"; };
		8E7DA10427E716460051D8CF /* Guarded.swift */ = {isa = PBXFileReference; lastKnownFileType = sourcecode.swift; path = Guarded.swift; sourceTree = "<group>"; };
		8E7DA10627E71FC50051D8CF /* Guard+Collection.swift */ = {isa = PBXFileReference; lastKnownFileType = sourcecode.swift; path = "Guard+Collection.swift"; sourceTree = "<group>"; };
		8E7DA10827E722CF0051D8CF /* Guard+Sequence.swift */ = {isa = PBXFileReference; lastKnownFileType = sourcecode.swift; path = "Guard+Sequence.swift"; sourceTree = "<group>"; };
		8E7DA10A27E725520051D8CF /* Guard+LogicOperators.swift */ = {isa = PBXFileReference; lastKnownFileType = sourcecode.swift; path = "Guard+LogicOperators.swift"; sourceTree = "<group>"; };
		8E7DA10C27E7262A0051D8CF /* Guard+Comparable.swift */ = {isa = PBXFileReference; lastKnownFileType = sourcecode.swift; path = "Guard+Comparable.swift"; sourceTree = "<group>"; };
		8E7DA10E27E72BF60051D8CF /* Guard+Operators.swift */ = {isa = PBXFileReference; lastKnownFileType = sourcecode.swift; path = "Guard+Operators.swift"; sourceTree = "<group>"; };
		8E7DA11027E72CBD0051D8CF /* Guard+Equatable.swift */ = {isa = PBXFileReference; lastKnownFileType = sourcecode.swift; path = "Guard+Equatable.swift"; sourceTree = "<group>"; };
		8E7DA11227E72E840051D8CF /* Guard+String.swift */ = {isa = PBXFileReference; lastKnownFileType = sourcecode.swift; path = "Guard+String.swift"; sourceTree = "<group>"; };
		8E7DA11427E730E50051D8CF /* Guard+KeyPath.swift */ = {isa = PBXFileReference; lastKnownFileType = sourcecode.swift; path = "Guard+KeyPath.swift"; sourceTree = "<group>"; };
		8E7DA11627E741050051D8CF /* Optional+Optionalable.swift */ = {isa = PBXFileReference; lastKnownFileType = sourcecode.swift; path = "Optional+Optionalable.swift"; sourceTree = "<group>"; };
		8E7DA11727E741060051D8CF /* Optionalable.swift */ = {isa = PBXFileReference; lastKnownFileType = sourcecode.swift; path = Optionalable.swift; sourceTree = "<group>"; };
/* End PBXFileReference section */

/* Begin PBXFrameworksBuildPhase section */
		8E7DA0D527E5D68D0051D8CF /* Frameworks */ = {
			isa = PBXFrameworksBuildPhase;
			buildActionMask = 2147483647;
			files = (
			);
			runOnlyForDeploymentPostprocessing = 0;
		};
/* End PBXFrameworksBuildPhase section */

/* Begin PBXGroup section */
		8E7DA0CF27E5D68D0051D8CF = {
			isa = PBXGroup;
			children = (
				8E7DA0DA27E5D68D0051D8CF /* Monitor */,
				8E7DA0D927E5D68D0051D8CF /* Products */,
			);
			sourceTree = "<group>";
		};
		8E7DA0D927E5D68D0051D8CF /* Products */ = {
			isa = PBXGroup;
			children = (
				8E7DA0D827E5D68D0051D8CF /* Monitor */,
			);
			name = Products;
			sourceTree = "<group>";
		};
		8E7DA0DA27E5D68D0051D8CF /* Monitor */ = {
			isa = PBXGroup;
			children = (
				8E7DA0DB27E5D68D0051D8CF /* main.swift */,
				8E7DA10127E714320051D8CF /* ValueGuard */,
			);
			path = Monitor;
			sourceTree = "<group>";
		};
		8E7DA10127E714320051D8CF /* ValueGuard */ = {
			isa = PBXGroup;
			children = (
				8E7DA11627E741050051D8CF /* Optional+Optionalable.swift */,
				8E7DA11727E741060051D8CF /* Optionalable.swift */,
				8E7DA10227E7161E0051D8CF /* Guard.swift */,
				8E7DA10427E716460051D8CF /* Guarded.swift */,
				8E7DA10627E71FC50051D8CF /* Guard+Collection.swift */,
				8E7DA10827E722CF0051D8CF /* Guard+Sequence.swift */,
				8E7DA10A27E725520051D8CF /* Guard+LogicOperators.swift */,
				8E7DA10C27E7262A0051D8CF /* Guard+Comparable.swift */,
				8E7DA11027E72CBD0051D8CF /* Guard+Equatable.swift */,
				8E7DA10E27E72BF60051D8CF /* Guard+Operators.swift */,
				8E7DA11227E72E840051D8CF /* Guard+String.swift */,
				8E7DA11427E730E50051D8CF /* Guard+KeyPath.swift */,
			);
			path = ValueGuard;
			sourceTree = "<group>";
		};
/* End PBXGroup section */

/* Begin PBXNativeTarget section */
		8E7DA0D727E5D68D0051D8CF /* Monitor */ = {
			isa = PBXNativeTarget;
			buildConfigurationList = 8E7DA0DF27E5D68D0051D8CF /* Build configuration list for PBXNativeTarget "Monitor" */;
			buildPhases = (
				8E7DA0D427E5D68D0051D8CF /* Sources */,
				8E7DA0D527E5D68D0051D8CF /* Frameworks */,
				8E7DA0D627E5D68D0051D8CF /* CopyFiles */,
			);
			buildRules = (
			);
			dependencies = (
			);
			name = Monitor;
			productName = Monitor;
			productReference = 8E7DA0D827E5D68D0051D8CF /* Monitor */;
			productType = "com.apple.product-type.tool";
		};
/* End PBXNativeTarget section */

/* Begin PBXProject section */
		8E7DA0D027E5D68D0051D8CF /* Project object */ = {
			isa = PBXProject;
			attributes = {
				BuildIndependentTargetsInParallel = 1;
				LastSwiftUpdateCheck = 1320;
				LastUpgradeCheck = 1320;
				TargetAttributes = {
					8E7DA0D727E5D68D0051D8CF = {
						CreatedOnToolsVersion = 13.2.1;
					};
				};
			};
			buildConfigurationList = 8E7DA0D327E5D68D0051D8CF /* Build configuration list for PBXProject "Monitor" */;
			compatibilityVersion = "Xcode 13.0";
			developmentRegion = en;
			hasScannedForEncodings = 0;
			knownRegions = (
				en,
				Base,
			);
			mainGroup = 8E7DA0CF27E5D68D0051D8CF;
			productRefGroup = 8E7DA0D927E5D68D0051D8CF /* Products */;
			projectDirPath = "";
			projectRoot = "";
			targets = (
				8E7DA0D727E5D68D0051D8CF /* Monitor */,
			);
		};
/* End PBXProject section */

/* Begin PBXSourcesBuildPhase section */
		8E7DA0D427E5D68D0051D8CF /* Sources */ = {
			isa = PBXSourcesBuildPhase;
			buildActionMask = 2147483647;
			files = (
				8E7DA10B27E725520051D8CF /* Guard+LogicOperators.swift in Sources */,
				8E7DA11927E741060051D8CF /* Optionalable.swift in Sources */,
				8E7DA10927E722CF0051D8CF /* Guard+Sequence.swift in Sources */,
				8E7DA10727E71FC50051D8CF /* Guard+Collection.swift in Sources */,
				8E7DA10527E716460051D8CF /* Guarded.swift in Sources */,
				8E7DA0DC27E5D68D0051D8CF /* main.swift in Sources */,
				8E7DA11327E72E840051D8CF /* Guard+String.swift in Sources */,
				8E7DA10D27E7262A0051D8CF /* Guard+Comparable.swift in Sources */,
				8E7DA11827E741060051D8CF /* Optional+Optionalable.swift in Sources */,
				8E7DA10327E7161E0051D8CF /* Guard.swift in Sources */,
				8E7DA11527E730E50051D8CF /* Guard+KeyPath.swift in Sources */,
				8E7DA10F27E72BF60051D8CF /* Guard+Operators.swift in Sources */,
				8E7DA11127E72CBD0051D8CF /* Guard+Equatable.swift in Sources */,
			);
			runOnlyForDeploymentPostprocessing = 0;
		};
/* End PBXSourcesBuildPhase section */

/* Begin XCBuildConfiguration section */
		8E7DA0DD27E5D68D0051D8CF /* Debug */ = {
			isa = XCBuildConfiguration;
			buildSettings = {
				ALWAYS_SEARCH_USER_PATHS = NO;
				CLANG_ANALYZER_NONNULL = YES;
				CLANG_ANALYZER_NUMBER_OBJECT_CONVERSION = YES_AGGRESSIVE;
				CLANG_CXX_LANGUAGE_STANDARD = "gnu++17";
				CLANG_CXX_LIBRARY = "libc++";
				CLANG_ENABLE_MODULES = YES;
				CLANG_ENABLE_OBJC_ARC = YES;
				CLANG_ENABLE_OBJC_WEAK = YES;
				CLANG_WARN_BLOCK_CAPTURE_AUTORELEASING = YES;
				CLANG_WARN_BOOL_CONVERSION = YES;
				CLANG_WARN_COMMA = YES;
				CLANG_WARN_CONSTANT_CONVERSION = YES;
				CLANG_WARN_DEPRECATED_OBJC_IMPLEMENTATIONS = YES;
				CLANG_WARN_DIRECT_OBJC_ISA_USAGE = YES_ERROR;
				CLANG_WARN_DOCUMENTATION_COMMENTS = YES;
				CLANG_WARN_EMPTY_BODY = YES;
				CLANG_WARN_ENUM_CONVERSION = YES;
				CLANG_WARN_INFINITE_RECURSION = YES;
				CLANG_WARN_INT_CONVERSION = YES;
				CLANG_WARN_NON_LITERAL_NULL_CONVERSION = YES;
				CLANG_WARN_OBJC_IMPLICIT_RETAIN_SELF = YES;
				CLANG_WARN_OBJC_LITERAL_CONVERSION = YES;
				CLANG_WARN_OBJC_ROOT_CLASS = YES_ERROR;
				CLANG_WARN_QUOTED_INCLUDE_IN_FRAMEWORK_HEADER = YES;
				CLANG_WARN_RANGE_LOOP_ANALYSIS = YES;
				CLANG_WARN_STRICT_PROTOTYPES = YES;
				CLANG_WARN_SUSPICIOUS_MOVE = YES;
				CLANG_WARN_UNGUARDED_AVAILABILITY = YES_AGGRESSIVE;
				CLANG_WARN_UNREACHABLE_CODE = YES;
				CLANG_WARN__DUPLICATE_METHOD_MATCH = YES;
				COPY_PHASE_STRIP = NO;
				DEBUG_INFORMATION_FORMAT = dwarf;
				ENABLE_STRICT_OBJC_MSGSEND = YES;
				ENABLE_TESTABILITY = YES;
				GCC_C_LANGUAGE_STANDARD = gnu11;
				GCC_DYNAMIC_NO_PIC = NO;
				GCC_NO_COMMON_BLOCKS = YES;
				GCC_OPTIMIZATION_LEVEL = 0;
				GCC_PREPROCESSOR_DEFINITIONS = (
					"DEBUG=1",
					"$(inherited)",
				);
				GCC_WARN_64_TO_32_BIT_CONVERSION = YES;
				GCC_WARN_ABOUT_RETURN_TYPE = YES_ERROR;
				GCC_WARN_UNDECLARED_SELECTOR = YES;
				GCC_WARN_UNINITIALIZED_AUTOS = YES_AGGRESSIVE;
				GCC_WARN_UNUSED_FUNCTION = YES;
				GCC_WARN_UNUSED_VARIABLE = YES;
				MACOSX_DEPLOYMENT_TARGET = 12.1;
				MTL_ENABLE_DEBUG_INFO = INCLUDE_SOURCE;
				MTL_FAST_MATH = YES;
				ONLY_ACTIVE_ARCH = YES;
				SDKROOT = macosx;
				SWIFT_ACTIVE_COMPILATION_CONDITIONS = DEBUG;
				SWIFT_OPTIMIZATION_LEVEL = "-Onone";
			};
			name = Debug;
		};
		8E7DA0DE27E5D68D0051D8CF /* Release */ = {
			isa = XCBuildConfiguration;
			buildSettings = {
				ALWAYS_SEARCH_USER_PATHS = NO;
				CLANG_ANALYZER_NONNULL = YES;
				CLANG_ANALYZER_NUMBER_OBJECT_CONVERSION = YES_AGGRESSIVE;
				CLANG_CXX_LANGUAGE_STANDARD = "gnu++17";
				CLANG_CXX_LIBRARY = "libc++";
				CLANG_ENABLE_MODULES = YES;
				CLANG_ENABLE_OBJC_ARC = YES;
				CLANG_ENABLE_OBJC_WEAK = YES;
				CLANG_WARN_BLOCK_CAPTURE_AUTORELEASING = YES;
				CLANG_WARN_BOOL_CONVERSION = YES;
				CLANG_WARN_COMMA = YES;
				CLANG_WARN_CONSTANT_CONVERSION = YES;
				CLANG_WARN_DEPRECATED_OBJC_IMPLEMENTATIONS = YES;
				CLANG_WARN_DIRECT_OBJC_ISA_USAGE = YES_ERROR;
				CLANG_WARN_DOCUMENTATION_COMMENTS = YES;
				CLANG_WARN_EMPTY_BODY = YES;
				CLANG_WARN_ENUM_CONVERSION = YES;
				CLANG_WARN_INFINITE_RECURSION = YES;
				CLANG_WARN_INT_CONVERSION = YES;
				CLANG_WARN_NON_LITERAL_NULL_CONVERSION = YES;
				CLANG_WARN_OBJC_IMPLICIT_RETAIN_SELF = YES;
				CLANG_WARN_OBJC_LITERAL_CONVERSION = YES;
				CLANG_WARN_OBJC_ROOT_CLASS = YES_ERROR;
				CLANG_WARN_QUOTED_INCLUDE_IN_FRAMEWORK_HEADER = YES;
				CLANG_WARN_RANGE_LOOP_ANALYSIS = YES;
				CLANG_WARN_STRICT_PROTOTYPES = YES;
				CLANG_WARN_SUSPICIOUS_MOVE = YES;
				CLANG_WARN_UNGUARDED_AVAILABILITY = YES_AGGRESSIVE;
				CLANG_WARN_UNREACHABLE_CODE = YES;
				CLANG_WARN__DUPLICATE_METHOD_MATCH = YES;
				COPY_PHASE_STRIP = NO;
				DEBUG_INFORMATION_FORMAT = "dwarf-with-dsym";
				ENABLE_NS_ASSERTIONS = NO;
				ENABLE_STRICT_OBJC_MSGSEND = YES;
				GCC_C_LANGUAGE_STANDARD = gnu11;
				GCC_NO_COMMON_BLOCKS = YES;
				GCC_WARN_64_TO_32_BIT_CONVERSION = YES;
				GCC_WARN_ABOUT_RETURN_TYPE = YES_ERROR;
				GCC_WARN_UNDECLARED_SELECTOR = YES;
				GCC_WARN_UNINITIALIZED_AUTOS = YES_AGGRESSIVE;
				GCC_WARN_UNUSED_FUNCTION = YES;
				GCC_WARN_UNUSED_VARIABLE = YES;
				MACOSX_DEPLOYMENT_TARGET = 12.1;
				MTL_ENABLE_DEBUG_INFO = NO;
				MTL_FAST_MATH = YES;
				SDKROOT = macosx;
				SWIFT_COMPILATION_MODE = wholemodule;
				SWIFT_OPTIMIZATION_LEVEL = "-O";
			};
			name = Release;
		};
		8E7DA0E027E5D68D0051D8CF /* Debug */ = {
			isa = XCBuildConfiguration;
			buildSettings = {
				CODE_SIGN_STYLE = Automatic;
				DEVELOPMENT_TEAM = 7467638S34;
				ENABLE_HARDENED_RUNTIME = YES;
				PRODUCT_NAME = "$(TARGET_NAME)";
				SWIFT_VERSION = 5.0;
			};
			name = Debug;
		};
		8E7DA0E127E5D68D0051D8CF /* Release */ = {
			isa = XCBuildConfiguration;
			buildSettings = {
				CODE_SIGN_STYLE = Automatic;
				DEVELOPMENT_TEAM = 7467638S34;
				ENABLE_HARDENED_RUNTIME = YES;
				PRODUCT_NAME = "$(TARGET_NAME)";
				SWIFT_VERSION = 5.0;
			};
			name = Release;
		};
/* End XCBuildConfiguration section */

/* Begin XCConfigurationList section */
		8E7DA0D327E5D68D0051D8CF /* Build configuration list for PBXProject "Monitor" */ = {
			isa = XCConfigurationList;
			buildConfigurations = (
				8E7DA0DD27E5D68D0051D8CF /* Debug */,
				8E7DA0DE27E5D68D0051D8CF /* Release */,
			);
			defaultConfigurationIsVisible = 0;
			defaultConfigurationName = Release;
		};
		8E7DA0DF27E5D68D0051D8CF /* Build configuration list for PBXNativeTarget "Monitor" */ = {
			isa = XCConfigurationList;
			buildConfigurations = (
				8E7DA0E027E5D68D0051D8CF /* Debug */,
				8E7DA0E127E5D68D0051D8CF /* Release */,
			);
			defaultConfigurationIsVisible = 0;
			defaultConfigurationName = Release;
		};
/* End XCConfigurationList section */
	};
	rootObject = 8E7DA0D027E5D68D0051D8CF /* Project object */;
}
